
Microsoft Visual Studio Solution File, Format Version 12.00
# Visual Studio 2013
VisualStudioVersion = 12.0.31101.0
MinimumVisualStudioVersion = 10.0.40219.1
Project("{FAE04EC0-301F-11D3-BF4B-00C04F79EFBC}") = "ImportExportFile.Web", "ImportExportFile\ImportExportFile.Web.csproj", "{F2B6A5A0-4068-4035-8D61-F885D3E80398}"
EndProject
Project("{FAE04EC0-301F-11D3-BF4B-00C04F79EFBC}") = "ImportExportFile.DAL", "ImportExportFile.DAL\ImportExportFile.DAL.csproj", "{AAE5CF40-2C69-4BC2-9341-CF2991D46E8D}"
EndProject
Project("{FAE04EC0-301F-11D3-BF4B-00C04F79EFBC}") = "ImportExportFile.BLL", "ImportExportFile.BLL\ImportExportFile.BLL.csproj", "{53D40A51-6AFC-4282-A58D-03C600278E64}"
EndProject
Global
	GlobalSection(SolutionConfigurationPlatforms) = preSolution
		Debug|Any CPU = Debug|Any CPU
		Release|Any CPU = Release|Any CPU
	EndGlobalSection
	GlobalSection(ProjectConfigurationPlatforms) = postSolution
		{F2B6A5A0-4068-4035-8D61-F885D3E80398}.Debug|Any CPU.ActiveCfg = Debug|Any CPU
		{F2B6A5A0-4068-4035-8D61-F885D3E80398}.Debug|Any CPU.Build.0 = Debug|Any CPU
		{F2B6A5A0-4068-4035-8D61-F885D3E80398}.Release|Any CPU.ActiveCfg = Release|Any CPU
		{F2B6A5A0-4068-4035-8D61-F885D3E80398}.Release|Any CPU.Build.0 = Release|Any CPU
		{AAE5CF40-2C69-4BC2-9341-CF2991D46E8D}.Debug|Any CPU.ActiveCfg = Debug|Any CPU
		{AAE5CF40-2C69-4BC2-9341-CF2991D46E8D}.Debug|Any CPU.Build.0 = Debug|Any CPU
		{AAE5CF40-2C69-4BC2-9341-CF2991D46E8D}.Release|Any CPU.ActiveCfg = Release|Any CPU
		{AAE5CF40-2C69-4BC2-9341-CF2991D46E8D}.Release|Any CPU.Build.0 = Release|Any CPU
		{53D40A51-6AFC-4282-A58D-03C600278E64}.Debug|Any CPU.ActiveCfg = Debug|Any CPU
		{53D40A51-6AFC-4282-A58D-03C600278E64}.Debug|Any CPU.Build.0 = Debug|Any CPU
		{53D40A51-6AFC-4282-A58D-03C600278E64}.Release|Any CPU.ActiveCfg = Release|Any CPU
		{53D40A51-6AFC-4282-A58D-03C600278E64}.Release|Any CPU.Build.0 = Release|Any CPU
	EndGlobalSection
	GlobalSection(SolutionProperties) = preSolution
		HideSolutionNode = FALSE
	EndGlobalSection
EndGlobal
